
Microsoft Visual Studio Solution File, Format Version 12.00
# Visual Studio Version 17
VisualStudioVersion = 17.14.36518.9
MinimumVisualStudioVersion = 10.0.40219.1
Project("{FAE04EC0-301F-11D3-BF4B-00C04F79EFBC}") = "LocadoraCarros", "LocadoraCarros\LocadoraCarros.csproj", "{AD613B66-A620-4BEA-83BA-7AB58DD607B7}"
EndProject
Project("{2150E333-8FDC-42A3-9474-1A3956D46DE8}") = "Solution Items", "Solution Items", "{02EA681E-C7D8-13C7-8484-4AC65E1B71E8}"
	ProjectSection(SolutionItems) = preProject
		.editorconfig = .editorconfig
	EndProjectSection
EndProject
Global
	GlobalSection(SolutionConfigurationPlatforms) = preSolution
		Debug|Any CPU = Debug|Any CPU
		Release|Any CPU = Release|Any CPU
	EndGlobalSection
	GlobalSection(ProjectConfigurationPlatforms) = postSolution
		{AD613B66-A620-4BEA-83BA-7AB58DD607B7}.Debug|Any CPU.ActiveCfg = Debug|Any CPU
		{AD613B66-A620-4BEA-83BA-7AB58DD607B7}.Debug|Any CPU.Build.0 = Debug|Any CPU
		{AD613B66-A620-4BEA-83BA-7AB58DD607B7}.Release|Any CPU.ActiveCfg = Release|Any CPU
		{AD613B66-A620-4BEA-83BA-7AB58DD607B7}.Release|Any CPU.Build.0 = Release|Any CPU
	EndGlobalSection
	GlobalSection(SolutionProperties) = preSolution
		HideSolutionNode = FALSE
	EndGlobalSection
	GlobalSection(ExtensibilityGlobals) = postSolution
		SolutionGuid = {50340F23-506D-4091-B535-78AB28689BAC}
	EndGlobalSection
EndGlobal
